
Microsoft Visual Studio Solution File, Format Version 12.00
# Visual Studio Version 16
VisualStudioVersion = 16.0.29215.179
MinimumVisualStudioVersion = 10.0.40219.1
Project("{FAE04EC0-301F-11D3-BF4B-00C04F79EFBC}") = "SiteServer", "SiteServer\SiteServer.csproj", "{7C6A43BE-BD4D-4680-8B75-FBD627B83C26}"
EndProject
Global
	GlobalSection(SolutionConfigurationPlatforms) = preSolution
		Debug|Any CPU = Debug|Any CPU
		Release|Any CPU = Release|Any CPU
	EndGlobalSection
	GlobalSection(ProjectConfigurationPlatforms) = postSolution
		{7C6A43BE-BD4D-4680-8B75-FBD627B83C26}.Debug|Any CPU.ActiveCfg = Debug|Any CPU
		{7C6A43BE-BD4D-4680-8B75-FBD627B83C26}.Debug|Any CPU.Build.0 = Debug|Any CPU
		{7C6A43BE-BD4D-4680-8B75-FBD627B83C26}.Release|Any CPU.ActiveCfg = Release|Any CPU
		{7C6A43BE-BD4D-4680-8B75-FBD627B83C26}.Release|Any CPU.Build.0 = Release|Any CPU
	EndGlobalSection
	GlobalSection(SolutionProperties) = preSolution
		HideSolutionNode = FALSE
	EndGlobalSection
	GlobalSection(ExtensibilityGlobals) = postSolution
		SolutionGuid = {D3CCC14B-3C62-4524-ABE9-5B52F45A0DB2}
	EndGlobalSection
EndGlobal
